
Microsoft Visual Studio Solution File, Format Version 12.00
# Visual Studio Version 17
VisualStudioVersion = 17.5.002.0
MinimumVisualStudioVersion = 10.0.40219.1
Project("{2150E333-8FDC-42A3-9474-1A3956D46DE8}") = "prepare", "prepare", "{F4ECBAC4-F6FD-417B-9604-ACDF582DDDD0}"
EndProject
Project("{9A19103F-16F7-4668-BE54-9A1E7A4F7556}") = "Learning02", "prepare\Learning02\Learning02.csproj", "{ACCED460-95BD-4500-AABC-B23C29FC4BDF}"
EndProject
Project("{9A19103F-16F7-4668-BE54-9A1E7A4F7556}") = "Learning05", "prepare\Learning05\Learning05.csproj", "{9A0D6B6F-C8BA-47FC-B5D8-FF6915D85407}"
EndProject
Project("{9A19103F-16F7-4668-BE54-9A1E7A4F7556}") = "Learning04", "prepare\Learning04\Learning04.csproj", "{7B2F117B-84E8-45C9-A4A5-E1C9D628F6C6}"
EndProject
Project("{9A19103F-16F7-4668-BE54-9A1E7A4F7556}") = "Learning03", "prepare\Learning03\Learning03.csproj", "{001D4A76-B826-47B7-935F-57D86E4C1BE1}"
EndProject
Project("{2150E333-8FDC-42A3-9474-1A3956D46DE8}") = "prove", "prove", "{B964186B-BEFD-486A-A9DF-E37DDAFDF4FE}"
EndProject
Project("{9A19103F-16F7-4668-BE54-9A1E7A4F7556}") = "Develop03", "prove\Develop03\Develop03.csproj", "{47D3A793-0F82-4350-ACBC-BC3C111D8B18}"
EndProject
Project("{9A19103F-16F7-4668-BE54-9A1E7A4F7556}") = "Develop04", "prove\Develop04\Develop04.csproj", "{06BA8502-5C5A-40AD-B505-A94B49C84D56}"
EndProject
Project("{9A19103F-16F7-4668-BE54-9A1E7A4F7556}") = "Develop05", "prove\Develop05\Develop05.csproj", "{20546919-7CCB-47BD-8C60-6694805AC25A}"
EndProject
Project("{9A19103F-16F7-4668-BE54-9A1E7A4F7556}") = "Develop02", "prove\Develop02\Develop02.csproj", "{A757DE4F-08AB-4A42-87F7-57AF6F2254AF}"
EndProject
Project("{2150E333-8FDC-42A3-9474-1A3956D46DE8}") = "sandbox", "sandbox", "{1FA0A237-3F40-47DF-8EE8-62F22F0B32C5}"
EndProject
Project("{9A19103F-16F7-4668-BE54-9A1E7A4F7556}") = "Sandbox", "sandbox\Sandbox\Sandbox.csproj", "{BC293845-3C08-4E41-9FFC-E3D9FD072967}"
EndProject
Project("{2150E333-8FDC-42A3-9474-1A3956D46DE8}") = "final", "final", "{C482AC64-C339-4A32-85F7-BE7857C0C8C1}"
EndProject
Project("{9A19103F-16F7-4668-BE54-9A1E7A4F7556}") = "FinalProject", "final\FinalProject\FinalProject.csproj", "{655FE8BA-C16A-40A8-AC4D-96A4A3676685}"
EndProject
Project("{9A19103F-16F7-4668-BE54-9A1E7A4F7556}") = "Foundation1", "final\Foundation1\Foundation1.csproj", "{1BF70FD2-1354-42F1-8B84-0A5361C6572A}"
EndProject
Project("{9A19103F-16F7-4668-BE54-9A1E7A4F7556}") = "Foundation4", "final\Foundation4\Foundation4.csproj", "{3001D82F-58B0-41DF-AD61-19E88CD26FA4}"
EndProject
Project("{9A19103F-16F7-4668-BE54-9A1E7A4F7556}") = "Foundation3", "final\Foundation3\Foundation3.csproj", "{03B2CD79-9701-4D8F-B92E-616FF3C6ECAF}"
EndProject
Project("{9A19103F-16F7-4668-BE54-9A1E7A4F7556}") = "Foundation2", "final\Foundation2\Foundation2.csproj", "{08B04596-C246-437C-8CBB-7EF97B9B59D1}"
EndProject
Project("{2150E333-8FDC-42A3-9474-1A3956D46DE8}") = "csharp-prep", "csharp-prep", "{5CD6C9FC-30A9-4BA4-915A-BB8A53C0B052}"
EndProject
Project("{9A19103F-16F7-4668-BE54-9A1E7A4F7556}") = "Prep1", "csharp-prep\Prep1\Prep1.csproj", "{A590AAE5-0A77-4B8E-A76E-7CA4A19C915E}"
EndProject
Project("{9A19103F-16F7-4668-BE54-9A1E7A4F7556}") = "Prep5", "csharp-prep\Prep5\Prep5.csproj", "{8471AA21-6BC9-4EF8-AA93-00FA8BA2CFCC}"
EndProject
Project("{9A19103F-16F7-4668-BE54-9A1E7A4F7556}") = "Prep2", "csharp-prep\Prep2\Prep2.csproj", "{CD2AA423-1115-46B3-B3D9-5FF30C0087A6}"
EndProject
Project("{9A19103F-16F7-4668-BE54-9A1E7A4F7556}") = "Prep3", "csharp-prep\Prep3\Prep3.csproj", "{6E694F8F-E4F1-4277-B7D2-D9FFFDD8F651}"
EndProject
Project("{9A19103F-16F7-4668-BE54-9A1E7A4F7556}") = "Prep4", "csharp-prep\Prep4\Prep4.csproj", "{FE92F50A-73A5-414B-96A8-F090CFBB4885}"
EndProject
Global
	GlobalSection(SolutionConfigurationPlatforms) = preSolution
		Debug|Any CPU = Debug|Any CPU
		Release|Any CPU = Release|Any CPU
	EndGlobalSection
	GlobalSection(ProjectConfigurationPlatforms) = postSolution
		{ACCED460-95BD-4500-AABC-B23C29FC4BDF}.Debug|Any CPU.ActiveCfg = Debug|Any CPU
		{ACCED460-95BD-4500-AABC-B23C29FC4BDF}.Debug|Any CPU.Build.0 = Debug|Any CPU
		{ACCED460-95BD-4500-AABC-B23C29FC4BDF}.Release|Any CPU.ActiveCfg = Release|Any CPU
		{ACCED460-95BD-4500-AABC-B23C29FC4BDF}.Release|Any CPU.Build.0 = Release|Any CPU
		{9A0D6B6F-C8BA-47FC-B5D8-FF6915D85407}.Debug|Any CPU.ActiveCfg = Debug|Any CPU
		{9A0D6B6F-C8BA-47FC-B5D8-FF6915D85407}.Debug|Any CPU.Build.0 = Debug|Any CPU
		{9A0D6B6F-C8BA-47FC-B5D8-FF6915D85407}.Release|Any CPU.ActiveCfg = Release|Any CPU
		{9A0D6B6F-C8BA-47FC-B5D8-FF6915D85407}.Release|Any CPU.Build.0 = Release|Any CPU
		{7B2F117B-84E8-45C9-A4A5-E1C9D628F6C6}.Debug|Any CPU.ActiveCfg = Debug|Any CPU
		{7B2F117B-84E8-45C9-A4A5-E1C9D628F6C6}.Debug|Any CPU.Build.0 = Debug|Any CPU
		{7B2F117B-84E8-45C9-A4A5-E1C9D628F6C6}.Release|Any CPU.ActiveCfg = Release|Any CPU
		{7B2F117B-84E8-45C9-A4A5-E1C9D628F6C6}.Release|Any CPU.Build.0 = Release|Any CPU
		{001D4A76-B826-47B7-935F-57D86E4C1BE1}.Debug|Any CPU.ActiveCfg = Debug|Any CPU
		{001D4A76-B826-47B7-935F-57D86E4C1BE1}.Debug|Any CPU.Build.0 = Debug|Any CPU
		{001D4A76-B826-47B7-935F-57D86E4C1BE1}.Release|Any CPU.ActiveCfg = Release|Any CPU
		{001D4A76-B826-47B7-935F-57D86E4C1BE1}.Release|Any CPU.Build.0 = Release|Any CPU
		{47D3A793-0F82-4350-ACBC-BC3C111D8B18}.Debug|Any CPU.ActiveCfg = Debug|Any CPU
		{47D3A793-0F82-4350-ACBC-BC3C111D8B18}.Debug|Any CPU.Build.0 = Debug|Any CPU
		{47D3A793-0F82-4350-ACBC-BC3C111D8B18}.Release|Any CPU.ActiveCfg = Release|Any CPU
		{47D3A793-0F82-4350-ACBC-BC3C111D8B18}.Release|Any CPU.Build.0 = Release|Any CPU
		{06BA8502-5C5A-40AD-B505-A94B49C84D56}.Debug|Any CPU.ActiveCfg = Debug|Any CPU
		{06BA8502-5C5A-40AD-B505-A94B49C84D56}.Debug|Any CPU.Build.0 = Debug|Any CPU
		{06BA8502-5C5A-40AD-B505-A94B49C84D56}.Release|Any CPU.ActiveCfg = Release|Any CPU
		{06BA8502-5C5A-40AD-B505-A94B49C84D56}.Release|Any CPU.Build.0 = Release|Any CPU
		{20546919-7CCB-47BD-8C60-6694805AC25A}.Debug|Any CPU.ActiveCfg = Debug|Any CPU
		{20546919-7CCB-47BD-8C60-6694805AC25A}.Debug|Any CPU.Build.0 = Debug|Any CPU
		{20546919-7CCB-47BD-8C60-6694805AC25A}.Release|Any CPU.ActiveCfg = Release|Any CPU
		{20546919-7CCB-47BD-8C60-6694805AC25A}.Release|Any CPU.Build.0 = Release|Any CPU
		{A757DE4F-08AB-4A42-87F7-57AF6F2254AF}.Debug|Any CPU.ActiveCfg = Debug|Any CPU
		{A757DE4F-08AB-4A42-87F7-57AF6F2254AF}.Debug|Any CPU.Build.0 = Debug|Any CPU
		{A757DE4F-08AB-4A42-87F7-57AF6F2254AF}.Release|Any CPU.ActiveCfg = Release|Any CPU
		{A757DE4F-08AB-4A42-87F7-57AF6F2254AF}.Release|Any CPU.Build.0 = Release|Any CPU
		{BC293845-3C08-4E41-9FFC-E3D9FD072967}.Debug|Any CPU.ActiveCfg = Debug|Any CPU
		{BC293845-3C08-4E41-9FFC-E3D9FD072967}.Debug|Any CPU.Build.0 = Debug|Any CPU
		{BC293845-3C08-4E41-9FFC-E3D9FD072967}.Release|Any CPU.ActiveCfg = Release|Any CPU
		{BC293845-3C08-4E41-9FFC-E3D9FD072967}.Release|Any CPU.Build.0 = Release|Any CPU
		{655FE8BA-C16A-40A8-AC4D-96A4A3676685}.Debug|Any CPU.ActiveCfg = Debug|Any CPU
		{655FE8BA-C16A-40A8-AC4D-96A4A3676685}.Debug|Any CPU.Build.0 = Debug|Any CPU
		{655FE8BA-C16A-40A8-AC4D-96A4A3676685}.Release|Any CPU.ActiveCfg = Release|Any CPU
		{655FE8BA-C16A-40A8-AC4D-96A4A3676685}.Release|Any CPU.Build.0 = Release|Any CPU
		{1BF70FD2-1354-42F1-8B84-0A5361C6572A}.Debug|Any CPU.ActiveCfg = Debug|Any CPU
		{1BF70FD2-1354-42F1-8B84-0A5361C6572A}.Debug|Any CPU.Build.0 = Debug|Any CPU
		{1BF70FD2-1354-42F1-8B84-0A5361C6572A}.Release|Any CPU.ActiveCfg = Release|Any CPU
		{1BF70FD2-1354-42F1-8B84-0A5361C6572A}.Release|Any CPU.Build.0 = Release|Any CPU
		{3001D82F-58B0-41DF-AD61-19E88CD26FA4}.Debug|Any CPU.ActiveCfg = Debug|Any CPU
		{3001D82F-58B0-41DF-AD61-19E88CD26FA4}.Debug|Any CPU.Build.0 = Debug|Any CPU
		{3001D82F-58B0-41DF-AD61-19E88CD26FA4}.Release|Any CPU.ActiveCfg = Release|Any CPU
		{3001D82F-58B0-41DF-AD61-19E88CD26FA4}.Release|Any CPU.Build.0 = Release|Any CPU
		{03B2CD79-9701-4D8F-B92E-616FF3C6ECAF}.Debug|Any CPU.ActiveCfg = Debug|Any CPU
		{03B2CD79-9701-4D8F-B92E-616FF3C6ECAF}.Debug|Any CPU.Build.0 = Debug|Any CPU
		{03B2CD79-9701-4D8F-B92E-616FF3C6ECAF}.Release|Any CPU.ActiveCfg = Release|Any CPU
		{03B2CD79-9701-4D8F-B92E-616FF3C6ECAF}.Release|Any CPU.Build.0 = Release|Any CPU
		{08B04596-C246-437C-8CBB-7EF97B9B59D1}.Debug|Any CPU.ActiveCfg = Debug|Any CPU
		{08B04596-C246-437C-8CBB-7EF97B9B59D1}.Debug|Any CPU.Build.0 = Debug|Any CPU
		{08B04596-C246-437C-8CBB-7EF97B9B59D1}.Release|Any CPU.ActiveCfg = Release|Any CPU
		{08B04596-C246-437C-8CBB-7EF97B9B59D1}.Release|Any CPU.Build.0 = Release|Any CPU
		{A590AAE5-0A77-4B8E-A76E-7CA4A19C915E}.Debug|Any CPU.ActiveCfg = Debug|Any CPU
		{A590AAE5-0A77-4B8E-A76E-7CA4A19C915E}.Debug|Any CPU.Build.0 = Debug|Any CPU
		{A590AAE5-0A77-4B8E-A76E-7CA4A19C915E}.Release|Any CPU.ActiveCfg = Release|Any CPU
		{A590AAE5-0A77-4B8E-A76E-7CA4A19C915E}.Release|Any CPU.Build.0 = Release|Any CPU
		{8471AA21-6BC9-4EF8-AA93-00FA8BA2CFCC}.Debug|Any CPU.ActiveCfg = Debug|Any CPU
		{8471AA21-6BC9-4EF8-AA93-00FA8BA2CFCC}.Debug|Any CPU.Build.0 = Debug|Any CPU
		{8471AA21-6BC9-4EF8-AA93-00FA8BA2CFCC}.Release|Any CPU.ActiveCfg = Release|Any CPU
		{8471AA21-6BC9-4EF8-AA93-00FA8BA2CFCC}.Release|Any CPU.Build.0 = Release|Any CPU
		{CD2AA423-1115-46B3-B3D9-5FF30C0087A6}.Debug|Any CPU.ActiveCfg = Debug|Any CPU
		{CD2AA423-1115-46B3-B3D9-5FF30C0087A6}.Debug|Any CPU.Build.0 = Debug|Any CPU
		{CD2AA423-1115-46B3-B3D9-5FF30C0087A6}.Release|Any CPU.ActiveCfg = Release|Any CPU
		{CD2AA423-1115-46B3-B3D9-5FF30C0087A6}.Release|Any CPU.Build.0 = Release|Any CPU
		{6E694F8F-E4F1-4277-B7D2-D9FFFDD8F651}.Debug|Any CPU.ActiveCfg = Debug|Any CPU
		{6E694F8F-E4F1-4277-B7D2-D9FFFDD8F651}.Debug|Any CPU.Build.0 = Debug|Any CPU
		{6E694F8F-E4F1-4277-B7D2-D9FFFDD8F651}.Release|Any CPU.ActiveCfg = Release|Any CPU
		{6E694F8F-E4F1-4277-B7D2-D9FFFDD8F651}.Release|Any CPU.Build.0 = Release|Any CPU
		{FE92F50A-73A5-414B-96A8-F090CFBB4885}.Debug|Any CPU.ActiveCfg = Debug|Any CPU
		{FE92F50A-73A5-414B-96A8-F090CFBB4885}.Debug|Any CPU.Build.0 = Debug|Any CPU
		{FE92F50A-73A5-414B-96A8-F090CFBB4885}.Release|Any CPU.ActiveCfg = Release|Any CPU
		{FE92F50A-73A5-414B-96A8-F090CFBB4885}.Release|Any CPU.Build.0 = Release|Any CPU
	EndGlobalSection
	GlobalSection(SolutionProperties) = preSolution
		HideSolutionNode = FALSE
	EndGlobalSection
	GlobalSection(NestedProjects) = preSolution
		{ACCED460-95BD-4500-AABC-B23C29FC4BDF} = {F4ECBAC4-F6FD-417B-9604-ACDF582DDDD0}
		{9A0D6B6F-C8BA-47FC-B5D8-FF6915D85407} = {F4ECBAC4-F6FD-417B-9604-ACDF582DDDD0}
		{7B2F117B-84E8-45C9-A4A5-E1C9D628F6C6} = {F4ECBAC4-F6FD-417B-9604-ACDF582DDDD0}
		{001D4A76-B826-47B7-935F-57D86E4C1BE1} = {F4ECBAC4-F6FD-417B-9604-ACDF582DDDD0}
		{47D3A793-0F82-4350-ACBC-BC3C111D8B18} = {B964186B-BEFD-486A-A9DF-E37DDAFDF4FE}
		{06BA8502-5C5A-40AD-B505-A94B49C84D56} = {B964186B-BEFD-486A-A9DF-E37DDAFDF4FE}
		{20546919-7CCB-47BD-8C60-6694805AC25A} = {B964186B-BEFD-486A-A9DF-E37DDAFDF4FE}
		{A757DE4F-08AB-4A42-87F7-57AF6F2254AF} = {B964186B-BEFD-486A-A9DF-E37DDAFDF4FE}
		{BC293845-3C08-4E41-9FFC-E3D9FD072967} = {1FA0A237-3F40-47DF-8EE8-62F22F0B32C5}
		{655FE8BA-C16A-40A8-AC4D-96A4A3676685} = {C482AC64-C339-4A32-85F7-BE7857C0C8C1}
		{1BF70FD2-1354-42F1-8B84-0A5361C6572A} = {C482AC64-C339-4A32-85F7-BE7857C0C8C1}
		{3001D82F-58B0-41DF-AD61-19E88CD26FA4} = {C482AC64-C339-4A32-85F7-BE7857C0C8C1}
		{03B2CD79-9701-4D8F-B92E-616FF3C6ECAF} = {C482AC64-C339-4A32-85F7-BE7857C0C8C1}
		{08B04596-C246-437C-8CBB-7EF97B9B59D1} = {C482AC64-C339-4A32-85F7-BE7857C0C8C1}
		{A590AAE5-0A77-4B8E-A76E-7CA4A19C915E} = {5CD6C9FC-30A9-4BA4-915A-BB8A53C0B052}
		{8471AA21-6BC9-4EF8-AA93-00FA8BA2CFCC} = {5CD6C9FC-30A9-4BA4-915A-BB8A53C0B052}
		{CD2AA423-1115-46B3-B3D9-5FF30C0087A6} = {5CD6C9FC-30A9-4BA4-915A-BB8A53C0B052}
		{6E694F8F-E4F1-4277-B7D2-D9FFFDD8F651} = {5CD6C9FC-30A9-4BA4-915A-BB8A53C0B052}
		{FE92F50A-73A5-414B-96A8-F090CFBB4885} = {5CD6C9FC-30A9-4BA4-915A-BB8A53C0B052}
	EndGlobalSection
	GlobalSection(ExtensibilityGlobals) = postSolution
		SolutionGuid = {7D12790E-D2F0-43C3-85E8-4287A8BA63A3}
	EndGlobalSection
EndGlobal
